{
  "name": "openscience-liteparse-candidate",
  "version": "0.0.0",
  "lockfileVersion": 3,
  "requires": true,
  "packages": {
    "": {
      "name": "openscience-liteparse-candidate",
      "version": "0.0.0",
      "dependencies": {
        "@llamaindex/liteparse": "2.14.0"
      }
    },
    "node_modules/@llamaindex/liteparse": {
      "version": "2.14.0",
      "resolved": "https://registry.npmjs.org/@llamaindex/liteparse/-/liteparse-2.14.0.tgz",
      "integrity": "sha512-lIFBbTRs87Bpp45Lm986hUDEPndm85pT9l/BM1dtWhQs0zTLEkpHLrgbOxGG2rjBqDgJM5fdChT8LWUd4ZThWA==",
      "license": "Apache-2.0",
      "dependencies": {
        "commander": "^12.0.0"
      },
      "bin": {
        "lit": "dist/cli.js",
        "liteparse": "dist/cli.js"
      },
      "engines": {
        "node": ">=18.0.0"
      },
      "optionalDependencies": {
        "@llamaindex/liteparse-darwin-arm64": "2.14.0",
        "@llamaindex/liteparse-darwin-x64": "2.14.0",
        "@llamaindex/liteparse-linux-arm64-gnu": "2.14.0",
        "@llamaindex/liteparse-linux-x64-gnu": "2.14.0",
        "@llamaindex/liteparse-linux-x64-musl": "2.14.0",
        "@llamaindex/liteparse-win32-arm64-msvc": "2.14.0",
        "@llamaindex/liteparse-win32-x64-msvc": "2.14.0"
      }
    },
    "node_modules/@llamaindex/liteparse-darwin-arm64": {
      "version": "2.14.0",
      "resolved": "https://registry.npmjs.org/@llamaindex/liteparse-darwin-arm64/-/liteparse-darwin-arm64-2.14.0.tgz",
      "integrity": "sha512-waYoHguqomVv43KEEqNf6nWSrpfMnNC8LXRtgN+a7F/WwICfNzrgA5Z8ayj2jhvvpYv7tsJ25M1vl8bb0i5UlA==",
      "cpu": [
        "arm64"
      ],
      "license": "Apache-2.0",
      "optional": true,
      "os": [
        "darwin"
      ]
    },
    "node_modules/@llamaindex/liteparse-darwin-x64": {
      "version": "2.14.0",
      "resolved": "https://registry.npmjs.org/@llamaindex/liteparse-darwin-x64/-/liteparse-darwin-x64-2.14.0.tgz",
      "integrity": "sha512-akTk/e6eEHgeP14f+8QiqueiEjiHTutX03XxRizXNn2aoTtQCEfElN4/p0rwTSFq35E76N7/z3ZVP5l1h4G4pw==",
      "cpu": [
        "x64"
      ],
      "license": "Apache-2.0",
      "optional": true,
      "os": [
        "darwin"
      ]
    },
    "node_modules/@llamaindex/liteparse-linux-arm64-gnu": {
      "version": "2.14.0",
      "resolved": "https://registry.npmjs.org/@llamaindex/liteparse-linux-arm64-gnu/-/liteparse-linux-arm64-gnu-2.14.0.tgz",
      "integrity": "sha512-svIeleEBGQTAgeWaTySUgzba3rsEUGNaDN11B6wGvDjAyI59R/JkhM1+a7TP3T19v8+Ik+F/nzTz/AB6xJxQIA==",
      "cpu": [
        "arm64"
      ],
      "license": "Apache-2.0",
      "optional": true,
      "os": [
        "linux"
      ]
    },
    "node_modules/@llamaindex/liteparse-linux-x64-gnu": {
      "version": "2.14.0",
      "resolved": "https://registry.npmjs.org/@llamaindex/liteparse-linux-x64-gnu/-/liteparse-linux-x64-gnu-2.14.0.tgz",
      "integrity": "sha512-UQTedZ9FJJ59pk4fFxBF6rPOoPssRf9580kCT1IkDowUavcAUMygfn3gtxfMtEOCTHsGpPHXLGmd5ICZOzmRbg==",
      "cpu": [
        "x64"
      ],
      "license": "Apache-2.0",
      "optional": true,
      "os": [
        "linux"
      ]
    },
    "node_modules/@llamaindex/liteparse-linux-x64-musl": {
      "version": "2.14.0",
      "resolved": "https://registry.npmjs.org/@llamaindex/liteparse-linux-x64-musl/-/liteparse-linux-x64-musl-2.14.0.tgz",
      "integrity": "sha512-3Od2QCu68nDzvTE9rSNvMmAq1VkMwY94I/38ZwQqONdqGnBYCTKpBaMR2guxcky8Pn4sKVnILHwUgqb8jnLvTw==",
      "cpu": [
        "x64"
      ],
      "license": "Apache-2.0",
      "optional": true,
      "os": [
        "linux"
      ]
    },
    "node_modules/@llamaindex/liteparse-win32-arm64-msvc": {
      "version": "2.14.0",
      "resolved": "https://registry.npmjs.org/@llamaindex/liteparse-win32-arm64-msvc/-/liteparse-win32-arm64-msvc-2.14.0.tgz",
      "integrity": "sha512-TRQh4pPdL2B34ihxYdDsxFgruk+u3opc+Spq6VMr/gwo+ASmEhVTxgnz/2RDEIlleXNYnxMCPI1LVyKiZgGn0w==",
      "cpu": [
        "arm64"
      ],
      "license": "Apache-2.0",
      "optional": true,
      "os": [
        "win32"
      ]
    },
    "node_modules/@llamaindex/liteparse-win32-x64-msvc": {
      "version": "2.14.0",
      "resolved": "https://registry.npmjs.org/@llamaindex/liteparse-win32-x64-msvc/-/liteparse-win32-x64-msvc-2.14.0.tgz",
      "integrity": "sha512-bv7T2/l9S4x2Cf66MlFK647yHyNVfeNmeJt+8YHcuG1KbBLwCO47brQdbetqw3+UJKCr4usEc8rt8+Kl1LvnVA==",
      "cpu": [
        "x64"
      ],
      "license": "Apache-2.0",
      "optional": true,
      "os": [
        "win32"
      ]
    },
    "node_modules/commander": {
      "version": "12.1.0",
      "resolved": "https://registry.npmjs.org/commander/-/commander-12.1.0.tgz",
      "integrity": "sha512-Vw8qHK3bZM9y/P10u3Vib8o/DdkvA2OtPtZvD871QKjy74Wj1WSKFILMPRPSdUSx5RFK1arlJzEtA4PkFgnbuA==",
      "license": "MIT",
      "engines": {
        "node": ">=18"
      }
    }
  }
}
