# Complete Linux x86_64 / CPython 3.12 hash lock; generated and verified on ECS.
--index-url https://download.pytorch.org/whl/cpu
--extra-index-url https://pypi.org/simple
FlagEmbedding @ file:///tmp/flagembedding-1.4.2-py3-none-any.whl#sha256=35e33a08e8ed5e299eabbe3bc23518eb66a424dd29ee08fb3802bf9aef9e9bf2
Jinja2==3.1.6 --hash=sha256:85ece4451f492d0c13c5dd7c13a64681a86afae63a5f347908daf103ce6d2f67
MarkupSafe==3.0.3 --hash=sha256:d6dd0be5b5b189d31db7cda48b91d7e0a9795f31430b7f271219ab30f1d3ac9d
PyYAML==6.0.3 --hash=sha256:ba1cc08a7ccde2d2ec775841541641e4548226580ab850948cbfda66a1befcdc
Pygments==2.21.0 --hash=sha256:2363c69b61c4a97c838da3b130dcd6468f4848992b21a82f2a63ec34377137d9
accelerate==1.14.0 --hash=sha256:e94390c2863b873be18f623f9df48a0d8fe5eff13ea7f1a00092b0a7904888c6
aiohappyeyeballs==2.7.1 --hash=sha256:9243213661e29250eb41368e5daa826fc017156c3b8a11440826b2e3ed376472
aiohttp==3.14.3 --hash=sha256:543906c127fb1d929b95076db19b83fa2d46751006ff1e23b093aa5ac4d8db42
aiosignal==1.4.0 --hash=sha256:053243f8b92b990551949e63930a839ff0cf0b0ebbe0597b0f3fb19e1a0fe82e
annotated-doc==0.0.5 --hash=sha256:117bac03a25ede5df5440e855b32d556049ca169ead221505badf432fed4b101
anyio==4.14.2 --hash=sha256:9f505dda5ac9f0c8309b5e8bd445a8c2bf7246f3ce950121e45ea15bc41d1494
attrs==26.1.0 --hash=sha256:c647aa4a12dfbad9333ca4e71fe62ddc36f4e63b2d260a37a8b83d2f043ac309
certifi==2026.7.22 --hash=sha256:62f22742b58a1a33014a2b6b706588a8d7e2a88ae7bd1a6ebe8c992928483775
charset-normalizer==3.5.1 --hash=sha256:b9af956078716df40d985fb0dfeb2c2120c5ca92ba4ff4b388acfd01cdc14d08
click==8.5.0 --hash=sha256:255bc9599cf7748b4b1a446ccc735421bd08a2ae529a8b88597d3de5664ee360
datasets==5.0.1 --hash=sha256:9fbf73688f8c18f7529b4fe592abd04015f81d1e58001e4bac73ffb2b39d7cc4
dill==0.4.1 --hash=sha256:1e1ce33e978ae97fcfcff5638477032b801c46c7c65cf717f95fbc2248f79a9d
filelock==3.32.3 --hash=sha256:7f0ca4bcc0e181c60dbbd8aa9ab5b120ebb99e4e064e83636340056f833a1f09
frozenlist==1.8.0 --hash=sha256:494a5952b1c597ba44e0e78113a7266e656b9794eec897b19ead706bd7074383
fsspec==2026.6.0 --hash=sha256:02e0b71817df9b2169dc30a16832045764def1191b43dcff5bb85bdee212d2a1
h11==0.16.0 --hash=sha256:63cf8bbe7522de3bf65932fda1d9c2772064ffb3dae62d55932da54b31cb6c86
hf-xet==1.6.0 --hash=sha256:d62671bb130879cef0ee4c9ebe47a14af6c66ec53e6d84dc15936e5ffdfac82f
httpcore==1.0.9 --hash=sha256:2d400746a40668fc9dec9810239072b40b4484b640a8c38fd654a024c7a1bf55
httpx==0.28.1 --hash=sha256:d909fcccc110f8c7faf814ca82a9a4d816bc5a6dbfea25d6591d6985b8ba59ad
huggingface_hub==1.29.0 --hash=sha256:b00f7782afc14db4bc6572763810a635bdfbab8623d957bfb553bd18e03852cd
idna==3.19 --hash=sha256:815e7be7a7806d54abb586dc943addc79e8b2ee16915059658cbeff4b1b43bf4
ir_datasets==0.6.3 --hash=sha256:8188ad99408dc042b3be7493fa8a9d76cf04681ca1ea010e97a5f93a0aaf1dbd
joblib==1.5.3 --hash=sha256:5fc3c5039fc5ca8c0276333a188bbd59d6b7ab37fe6632daa76bc7f9ec18e713
lxml==6.1.2 --hash=sha256:04cf9e3f4ee9cab9d9ba05401bef8668840fa9620fcd4d8e85a2d2fd0b0fa960
lz4==4.4.5 --hash=sha256:24092635f47538b392c4eaeff14c7270d2c8e806bf4be2a6446a378591c5e69e
markdown-it-py==4.2.0 --hash=sha256:9f7ebbcd14fe59494226453aed97c1070d83f8d24b6fc3a3bcf9a38092641c4a
mdurl==0.1.2 --hash=sha256:84008a41e51615a49fc9966191ff91509e3c40b939176e643fd50a5c2196b8f8
mpmath==1.3.0 --hash=sha256:a0b2b9fe80bbcd81a6647ff13108738cfb482d481d826cc0e02f5b35e5c88d2c
multidict==6.7.1 --hash=sha256:bfde23ef6ed9db7eaee6c37dcec08524cb43903c60b285b172b6c094711b3961
multiprocess==0.70.19 --hash=sha256:3a56c0e85dd5025161bac5ce138dcac1e49174c7d8e74596537e729fd5c53c28
narwhals==2.25.0 --hash=sha256:1f0f403e8c7e4463cde9bfe78b12fdd809e3ae3dda6d9b2f802934fb9c7a6a8f
networkx==3.6.1 --hash=sha256:d47fbf302e7d9cbbb9e2555a0d267983d2aa476bac30e90dfbe5669bd57f3762
numpy==2.5.2 --hash=sha256:3cdec01fa790a186d430433fdd4d4ffb70eed6f0eeb4bf05c8dbe2dce0a9bcb8
packaging==26.3 --hash=sha256:d7193f7c8e4e93f444fde0262bf90af30e16fa0ad0ad44cb553c87339b23cd1c
pandas==3.0.5 --hash=sha256:d373ce03ffd84010ed9839fa73672a9c8256990532e158440c0085db7d914b34
peft==0.20.0 --hash=sha256:0fbba16ffebfad3de96e06f2da6860fd860292324b85b6141909fa1e26ea9233
propcache==0.5.2 --hash=sha256:6f328175a2cde1f0ff2c4ed8ce968b9dcfb55f3a7153f39e2957ed994da13476
protobuf==7.36.0 --hash=sha256:70f5ec8eb0da81a44360c0dc0beac99a0d78071d21956a7076bae8bd2051841b
psutil==7.2.2 --hash=sha256:076a2d2f923fd4821644f5ba89f059523da90dc9014e85f8e45a5774ca5bc6f9
pyarrow==25.0.1 --hash=sha256:5389cdf79447ed1515c9e31620e6e1e2302249564d603f2ad727d4f6d313e4c3
python-dateutil==2.9.0.post0 --hash=sha256:a8b2bc7bffae282281c8140a97d3aa9c14da0b136dfe83f850eea9a5f7470427
regex==2026.7.19 --hash=sha256:9dce8ec9695f531a1b8a6f314fd4b393adcccf2ea861db480cdf97a301d01a68
requests==2.34.2 --hash=sha256:2a0d60c172f83ac6ab31e4554906c0f3b3588d37b5cb939b1c061f4907e278e0
rich==15.0.0 --hash=sha256:33bd4ef74232fb73fe9279a257718407f169c09b78a87ad3d296f548e27de0bb
safetensors==0.8.0 --hash=sha256:fd6f3f93c9a0a7cc2788ee63fb763353d4bd2e89b0751bc78fcf7dda00bea774
scikit-learn==1.9.0 --hash=sha256:056c92bb67ad4c28463c2f2653d9701449201e7e7a9e94e321be0f71c4fef2b8
scipy==1.18.1 --hash=sha256:f55fa87b6c612ecd6b058f167c53231b1d14e412efe361d3d6e38b3631c73218
sentence-transformers==6.0.0 --hash=sha256:b974ac67523ea2a955afa87b1024129305472bd884367dcc969261cb086790e9
sentencepiece==0.2.2 --hash=sha256:c8a168b040bc61681293f79a949b5d911c8e25086f4260285b8d97ab5f1195da
shellingham==1.5.4 --hash=sha256:7ecfff8f2fd72616f7481040475a65b2bf8af90a56c89140852d1120324e8686
six==1.17.0 --hash=sha256:4721f391ed90541fddacab5acf947aa0d3dc7d27b2e1e8eda2be8970586c3274
sympy==1.14.0 --hash=sha256:e091cc3e99d2141a0ba2847328f5479b05d94a6635cb96148ccb3f34671bd8f5
threadpoolctl==3.6.0 --hash=sha256:43a0b8fd5a2928500110039e43a5eed8480b918967083ea48dc3ab9f13c4a7fb
tokenizers==0.23.1 --hash=sha256:5075b405006415ea148a992d093699c66eb01952bf59f4d5727089a98bda45a4
torch==2.13.0+cpu --hash=sha256:4ca4a9394b0c771238a4f73590fdbbc4debad85ed0fa63d026ae1b085da7d6e2
tqdm==4.70.0 --hash=sha256:7f585706bfddbdebf89daac705b2dfcc16890130727d3197ca62c732b4310953
transformers==5.16.1 --hash=sha256:2f2d5b98a5ad3718713653734298fa620754ed683702a635ebb587df3ed29c7e
typer==0.27.1 --hash=sha256:53150287edd11baeb4e4722c8e394fcdf8181c0ae89485cba8d25c778d5edd56
typing_extensions==4.16.0 --hash=sha256:481caa481374e813c1b176ada14e97f1f67a4539ce9cfeb3f350d78d6370c2e8
urllib3==2.7.0 --hash=sha256:9fb4c81ebbb1ce9531cce37674bbc6f1360472bc18ca9a553ede278ef7276897
xxhash==4.0.1 --hash=sha256:237b8f63a2a0fcfb1ffc06e21dad23add44e6d354b2b014364a1d41e419a4dee
yarl==1.24.5 --hash=sha256:f08c7513ecef5aad65687bfdf6bc601ae9fccd04a42904501f8f7141abad9eb9
