# generated with pip-compile --generate-hashes build-requirements.in
pycryptodome==3.23.0 --hash=sha256:c8987bd3307a39bc03df5c8e0e3d8be0c4c3518b7f044b0f4c15d1aa78f52575 --hash=sha256:447700a657182d60338bab09fdb27518f8856aecd80ae4c6bdddb67ff5da44ef
setuptools==80.9.0 --hash=sha256:062d34222ad13e0cc312a4c02d73f059e86a4acbfbdea8f8f76b28c99f306922
